Microsoft Visual Studio Solution File, Format Version 12.00
# Visual Studio Version 16
VisualStudioVersion = 16.0.30320.27
MinimumVisualStudioVersion = 10.0.40219.1
Project("{FAE04EC0-301F-11D3-BF4B-00C04F79EFBC}") = "Seratio.Blockchain.Sandbox", "Seratio.Blockchain.Sandbox\Seratio.Blockchain.Sandbox.csproj", "{99E68C0A-568F-4FEB-9651-84EE9F6A4EBB}"
EndProject
Project("{FAE04EC0-301F-11D3-BF4B-00C04F79EFBC}") = "Seratio.WebAPI", "Seratio.WebAPI\Seratio.WebAPI.csproj", "{04B06483-8330-46C6-A7B4-11F05A460858}"
EndProject
Global
	GlobalSection(SolutionConfigurationPlatforms) = preSolution
		Debug|Any CPU = Debug|Any CPU
		Release|Any CPU = Release|Any CPU
	EndGlobalSection
	GlobalSection(ProjectConfigurationPlatforms) = postSolution
		{99E68C0A-568F-4FEB-9651-84EE9F6A4EBB}.Debug|Any CPU.ActiveCfg = Debug|Any CPU
		{99E68C0A-568F-4FEB-9651-84EE9F6A4EBB}.Debug|Any CPU.Build.0 = Debug|Any CPU
		{99E68C0A-568F-4FEB-9651-84EE9F6A4EBB}.Release|Any CPU.ActiveCfg = Release|Any CPU
		{99E68C0A-568F-4FEB-9651-84EE9F6A4EBB}.Release|Any CPU.Build.0 = Release|Any CPU
		{04B06483-8330-46C6-A7B4-11F05A460858}.Debug|Any CPU.ActiveCfg = Debug|Any CPU
		{04B06483-8330-46C6-A7B4-11F05A460858}.Debug|Any CPU.Build.0 = Debug|Any CPU
		{04B06483-8330-46C6-A7B4-11F05A460858}.Release|Any CPU.ActiveCfg = Release|Any CPU
		{04B06483-8330-46C6-A7B4-11F05A460858}.Release|Any CPU.Build.0 = Release|Any CPU
	EndGlobalSection
	GlobalSection(SolutionProperties) = preSolution
		HideSolutionNode = FALSE
	EndGlobalSection
	GlobalSection(ExtensibilityGlobals) = postSolution
		SolutionGuid = {8D799AD8-9FF0-4607-8E7A-8EAE8C3916AB}
	EndGlobalSection
EndGlobal
